
Microsoft Visual Studio Solution File, Format Version 12.00
# Visual Studio Version 17
VisualStudioVersion = 17.6.33723.286
MinimumVisualStudioVersion = 10.0.40219.1
Project("{2150E333-8FDC-42A3-9474-1A3956D46DE8}") = "src", "src", "{ACAD467F-7E52-4B18-93D1-9086C631166B}"
EndProject
Project("{2150E333-8FDC-42A3-9474-1A3956D46DE8}") = "tests", "tests", "{1494BD64-637A-44D3-B616-A9A8A2E95A83}"
EndProject
Project("{9A19103F-16F7-4668-BE54-9A1E7A4F7556}") = "TestSuite", "Src\TestSuite\TestSuite.csproj", "{57F68951-97D4-47F3-88E5-D904B3DF1EF7}"
EndProject
Project("{9A19103F-16F7-4668-BE54-9A1E7A4F7556}") = "Narya.Email.Core.UnitTests", "tests\Narya.Email.Core.UnitTests\Narya.Email.Core.UnitTests.csproj", "{E81F9570-868E-4849-86DA-B920737B0054}"
EndProject
Global
	GlobalSection(SolutionConfigurationPlatforms) = preSolution
		Debug|Any CPU = Debug|Any CPU
		Release|Any CPU = Release|Any CPU
	EndGlobalSection
	GlobalSection(ProjectConfigurationPlatforms) = postSolution
		{314FB01A-FF10-4F68-B9FA-1C1B8C2DAC2C}.Debug|Any CPU.ActiveCfg = Debug|Any CPU
		{314FB01A-FF10-4F68-B9FA-1C1B8C2DAC2C}.Debug|Any CPU.Build.0 = Debug|Any CPU
		{314FB01A-FF10-4F68-B9FA-1C1B8C2DAC2C}.Release|Any CPU.ActiveCfg = Release|Any CPU
		{314FB01A-FF10-4F68-B9FA-1C1B8C2DAC2C}.Release|Any CPU.Build.0 = Release|Any CPU
		{E25A71DF-96F4-4AEE-924C-666FEA528919}.Debug|Any CPU.ActiveCfg = Debug|Any CPU
		{E25A71DF-96F4-4AEE-924C-666FEA528919}.Debug|Any CPU.Build.0 = Debug|Any CPU
		{E25A71DF-96F4-4AEE-924C-666FEA528919}.Release|Any CPU.ActiveCfg = Release|Any CPU
		{E25A71DF-96F4-4AEE-924C-666FEA528919}.Release|Any CPU.Build.0 = Release|Any CPU
		{57F68951-97D4-47F3-88E5-D904B3DF1EF7}.Debug|Any CPU.ActiveCfg = Debug|Any CPU
		{57F68951-97D4-47F3-88E5-D904B3DF1EF7}.Debug|Any CPU.Build.0 = Debug|Any CPU
		{57F68951-97D4-47F3-88E5-D904B3DF1EF7}.Release|Any CPU.ActiveCfg = Release|Any CPU
		{57F68951-97D4-47F3-88E5-D904B3DF1EF7}.Release|Any CPU.Build.0 = Release|Any CPU
		{E81F9570-868E-4849-86DA-B920737B0054}.Debug|Any CPU.ActiveCfg = Debug|Any CPU
		{E81F9570-868E-4849-86DA-B920737B0054}.Debug|Any CPU.Build.0 = Debug|Any CPU
		{E81F9570-868E-4849-86DA-B920737B0054}.Release|Any CPU.ActiveCfg = Release|Any CPU
		{E81F9570-868E-4849-86DA-B920737B0054}.Release|Any CPU.Build.0 = Release|Any CPU
	EndGlobalSection
	GlobalSection(SolutionProperties) = preSolution
		HideSolutionNode = FALSE
	EndGlobalSection
	GlobalSection(NestedProjects) = preSolution
		{8CDE7D9A-0876-4C17-9DA0-53329FFC90D9} = {ACAD467F-7E52-4B18-93D1-9086C631166B}
		{C65460DE-66B3-4764-932B-2EC9FC7159B0} = {ACAD467F-7E52-4B18-93D1-9086C631166B}
		{57F68951-97D4-47F3-88E5-D904B3DF1EF7} = {ACAD467F-7E52-4B18-93D1-9086C631166B}
		{768CBF0F-60AE-47E4-A89D-85DBB3D9BCE2} = {1494BD64-637A-44D3-B616-A9A8A2E95A83}
	EndGlobalSection
	GlobalSection(ExtensibilityGlobals) = postSolution
		SolutionGuid = {ABB30116-453F-4B2B-BCD2-BBF49E45CB22}
	EndGlobalSection
EndGlobal
