
Microsoft Visual Studio Solution File, Format Version 12.00
# Visual Studio Version 17
VisualStudioVersion = 17.6.33723.286
MinimumVisualStudioVersion = 10.0.40219.1
Project("{2150E333-8FDC-42A3-9474-1A3956D46DE8}") = "src", "src", "{ACAD467F-7E52-4B18-93D1-9086C631166B}"
EndProject
Project("{2150E333-8FDC-42A3-9474-1A3956D46DE8}") = "tests", "tests", "{1494BD64-637A-44D3-B616-A9A8A2E95A83}"
EndProject
Project("{9A19103F-16F7-4668-BE54-9A1E7A4F7556}") = "Narya.Sms.Core", "src\Narya.Sms.Core\Narya.Sms.Core.csproj", "{F4995343-4468-40FE-A8A0-44F33472D916}"
EndProject
Project("{9A19103F-16F7-4668-BE54-9A1E7A4F7556}") = "Narya.Sms.Twilio", "src\Narya.Sms.Twillio\Narya.Sms.Twilio.csproj", "{28DD7642-EAE4-4BEF-9E33-E0EBD3D1F4A5}"
EndProject
Project("{9A19103F-16F7-4668-BE54-9A1E7A4F7556}") = "TestSuite", "src\TestSuite\TestSuite.csproj", "{EC155D37-12E3-4BE6-A3B3-907758A967BC}"
EndProject
Project("{9A19103F-16F7-4668-BE54-9A1E7A4F7556}") = "Narya.Email.Core.UnitTests", "tests\Narya.Email.Core.UnitTests\Narya.Email.Core.UnitTests.csproj", "{76326881-2595-4354-A94F-FFD3E92A8A4B}"
EndProject
Global
	GlobalSection(SolutionConfigurationPlatforms) = preSolution
		Debug|Any CPU = Debug|Any CPU
		Release|Any CPU = Release|Any CPU
	EndGlobalSection
	GlobalSection(ProjectConfigurationPlatforms) = postSolution
		{F4995343-4468-40FE-A8A0-44F33472D916}.Debug|Any CPU.ActiveCfg = Debug|Any CPU
		{F4995343-4468-40FE-A8A0-44F33472D916}.Debug|Any CPU.Build.0 = Debug|Any CPU
		{F4995343-4468-40FE-A8A0-44F33472D916}.Release|Any CPU.ActiveCfg = Release|Any CPU
		{F4995343-4468-40FE-A8A0-44F33472D916}.Release|Any CPU.Build.0 = Release|Any CPU
		{28DD7642-EAE4-4BEF-9E33-E0EBD3D1F4A5}.Debug|Any CPU.ActiveCfg = Debug|Any CPU
		{28DD7642-EAE4-4BEF-9E33-E0EBD3D1F4A5}.Debug|Any CPU.Build.0 = Debug|Any CPU
		{28DD7642-EAE4-4BEF-9E33-E0EBD3D1F4A5}.Release|Any CPU.ActiveCfg = Release|Any CPU
		{28DD7642-EAE4-4BEF-9E33-E0EBD3D1F4A5}.Release|Any CPU.Build.0 = Release|Any CPU
		{EC155D37-12E3-4BE6-A3B3-907758A967BC}.Debug|Any CPU.ActiveCfg = Debug|Any CPU
		{EC155D37-12E3-4BE6-A3B3-907758A967BC}.Debug|Any CPU.Build.0 = Debug|Any CPU
		{EC155D37-12E3-4BE6-A3B3-907758A967BC}.Release|Any CPU.ActiveCfg = Release|Any CPU
		{EC155D37-12E3-4BE6-A3B3-907758A967BC}.Release|Any CPU.Build.0 = Release|Any CPU
		{76326881-2595-4354-A94F-FFD3E92A8A4B}.Debug|Any CPU.ActiveCfg = Debug|Any CPU
		{76326881-2595-4354-A94F-FFD3E92A8A4B}.Debug|Any CPU.Build.0 = Debug|Any CPU
		{76326881-2595-4354-A94F-FFD3E92A8A4B}.Release|Any CPU.ActiveCfg = Release|Any CPU
		{76326881-2595-4354-A94F-FFD3E92A8A4B}.Release|Any CPU.Build.0 = Release|Any CPU
	EndGlobalSection
	GlobalSection(SolutionProperties) = preSolution
		HideSolutionNode = FALSE
	EndGlobalSection
	GlobalSection(NestedProjects) = preSolution
		{F4995343-4468-40FE-A8A0-44F33472D916} = {ACAD467F-7E52-4B18-93D1-9086C631166B}
		{28DD7642-EAE4-4BEF-9E33-E0EBD3D1F4A5} = {ACAD467F-7E52-4B18-93D1-9086C631166B}
		{EC155D37-12E3-4BE6-A3B3-907758A967BC} = {ACAD467F-7E52-4B18-93D1-9086C631166B}
		{76326881-2595-4354-A94F-FFD3E92A8A4B} = {1494BD64-637A-44D3-B616-A9A8A2E95A83}
	EndGlobalSection
	GlobalSection(ExtensibilityGlobals) = postSolution
		SolutionGuid = {ABB30116-453F-4B2B-BCD2-BBF49E45CB22}
	EndGlobalSection
EndGlobal
